
Microsoft Visual Studio Solution File, Format Version 12.00
# Visual Studio 15
VisualStudioVersion = 15.0.27703.2042
MinimumVisualStudioVersion = 10.0.40219.1
Project("{FAE04EC0-301F-11D3-BF4B-00C04F79EFBC}") = "DataReadDB_V2", "DataReadDB_V2\DataReadDB_V2.csproj", "{F9453915-D595-488D-B28B-70426169606C}"
EndProject
Global
	GlobalSection(SolutionConfigurationPlatforms) = preSolution
		Debug|Any CPU = Debug|Any CPU
		Release|Any CPU = Release|Any CPU
	EndGlobalSection
	GlobalSection(ProjectConfigurationPlatforms) = postSolution
		{F9453915-D595-488D-B28B-70426169606C}.Debug|Any CPU.ActiveCfg = Debug|Any CPU
		{F9453915-D595-488D-B28B-70426169606C}.Debug|Any CPU.Build.0 = Debug|Any CPU
		{F9453915-D595-488D-B28B-70426169606C}.Release|Any CPU.ActiveCfg = Release|Any CPU
		{F9453915-D595-488D-B28B-70426169606C}.Release|Any CPU.Build.0 = Release|Any CPU
	EndGlobalSection
	GlobalSection(SolutionProperties) = preSolution
		HideSolutionNode = FALSE
	EndGlobalSection
	GlobalSection(ExtensibilityGlobals) = postSolution
		SolutionGuid = {1A429D6F-9139-499B-823F-C208539B137D}
	EndGlobalSection
EndGlobal
